
Microsoft Visual Studio Solution File, Format Version 12.00
# Visual Studio Version 17
VisualStudioVersion = 17.6.33815.320
MinimumVisualStudioVersion = 10.0.40219.1
Project("{FAE04EC0-301F-11D3-BF4B-00C04F79EFBC}") = "20112023-Rappresentare_una_persona_fisica", "20112023-Rappresentare_una_persona_fisica\20112023-Rappresentare_una_persona_fisica.csproj", "{152B5818-BAFB-4FA6-B493-DE173C561FA3}"
EndProject
Global
	GlobalSection(SolutionConfigurationPlatforms) = preSolution
		Debug|Any CPU = Debug|Any CPU
		Release|Any CPU = Release|Any CPU
	EndGlobalSection
	GlobalSection(ProjectConfigurationPlatforms) = postSolution
		{152B5818-BAFB-4FA6-B493-DE173C561FA3}.Debug|Any CPU.ActiveCfg = Debug|Any CPU
		{152B5818-BAFB-4FA6-B493-DE173C561FA3}.Debug|Any CPU.Build.0 = Debug|Any CPU
		{152B5818-BAFB-4FA6-B493-DE173C561FA3}.Release|Any CPU.ActiveCfg = Release|Any CPU
		{152B5818-BAFB-4FA6-B493-DE173C561FA3}.Release|Any CPU.Build.0 = Release|Any CPU
	EndGlobalSection
	GlobalSection(SolutionProperties) = preSolution
		HideSolutionNode = FALSE
	EndGlobalSection
	GlobalSection(ExtensibilityGlobals) = postSolution
		SolutionGuid = {FF7BE51E-2C04-44F7-9118-1F64959BD28D}
	EndGlobalSection
EndGlobal
